
Microsoft Visual Studio Solution File, Format Version 12.00
# Visual Studio 14
VisualStudioVersion = 14.0.23107.0
MinimumVisualStudioVersion = 10.0.40219.1
Project("{FAE04EC0-301F-11D3-BF4B-00C04F79EFBC}") = "JpPractice", "ConsoleApplication1\JpPractice.csproj", "{F5674430-0337-477C-99A3-972A95C7DFA2}"
EndProject
Global
	GlobalSection(SolutionConfigurationPlatforms) = preSolution
		Debug|Any CPU = Debug|Any CPU
		Release|Any CPU = Release|Any CPU
	EndGlobalSection
	GlobalSection(ProjectConfigurationPlatforms) = postSolution
		{F5674430-0337-477C-99A3-972A95C7DFA2}.Debug|Any CPU.ActiveCfg = Debug|Any CPU
		{F5674430-0337-477C-99A3-972A95C7DFA2}.Debug|Any CPU.Build.0 = Debug|Any CPU
		{F5674430-0337-477C-99A3-972A95C7DFA2}.Release|Any CPU.ActiveCfg = Release|Any CPU
		{F5674430-0337-477C-99A3-972A95C7DFA2}.Release|Any CPU.Build.0 = Release|Any CPU
	EndGlobalSection
	GlobalSection(SolutionProperties) = preSolution
		HideSolutionNode = FALSE
	EndGlobalSection
EndGlobal
